{
  "name": "@vue-vx/shape",
  "version": "0.2.0",
  "lockfileVersion": 1,
  "requires": true,
  "dependencies": {
    "@vue-vx/defaults": {
      "version": "0.2.0",
      "resolved": "https://registry.npmjs.org/@vue-vx/defaults/-/defaults-0.2.0.tgz",
      "integrity": "sha512-kjffO14xERbQfILv5LtxOoQEfry3h+hBkByMyfWB4LUtsTYcqdbtt4SwW7lEPC+kgxkznJfFNjF8OfFLm5Q4Dw==",
      "requires": {
        "vue": "^2.5.16"
      },
      "dependencies": {
        "vue": {
          "version": "2.5.17",
          "resolved": "https://registry.npmjs.org/vue/-/vue-2.5.17.tgz",
          "integrity": "sha512-mFbcWoDIJi0w0Za4emyLiW72Jae0yjANHbCVquMKijcavBGypqlF7zHRgMa5k4sesdv7hv2rB4JPdZfR+TPfhQ=="
        }
      }
    }
  }
}
